
Microsoft Visual Studio Solution File, Format Version 12.00
# Visual Studio Version 16
VisualStudioVersion = 16.0.31321.278
MinimumVisualStudioVersion = 10.0.40219.1
Project("{FAE04EC0-301F-11D3-BF4B-00C04F79EFBC}") = "PresentacionPermisosU", "PresentacionPermisosU\PresentacionPermisosU.csproj", "{962EF7DE-2C36-49A9-A80D-BDF2AD647374}"
EndProject
Project("{FAE04EC0-301F-11D3-BF4B-00C04F79EFBC}") = "EntidadesPermisos", "EntidadesPermisos\EntidadesPermisos.csproj", "{E7A7B595-754B-499F-9C09-B9CA01335E5A}"
EndProject
Global
	GlobalSection(SolutionConfigurationPlatforms) = preSolution
		Debug|Any CPU = Debug|Any CPU
		Release|Any CPU = Release|Any CPU
	EndGlobalSection
	GlobalSection(ProjectConfigurationPlatforms) = postSolution
		{962EF7DE-2C36-49A9-A80D-BDF2AD647374}.Debug|Any CPU.ActiveCfg = Debug|Any CPU
		{962EF7DE-2C36-49A9-A80D-BDF2AD647374}.Debug|Any CPU.Build.0 = Debug|Any CPU
		{962EF7DE-2C36-49A9-A80D-BDF2AD647374}.Release|Any CPU.ActiveCfg = Release|Any CPU
		{962EF7DE-2C36-49A9-A80D-BDF2AD647374}.Release|Any CPU.Build.0 = Release|Any CPU
		{E7A7B595-754B-499F-9C09-B9CA01335E5A}.Debug|Any CPU.ActiveCfg = Debug|Any CPU
		{E7A7B595-754B-499F-9C09-B9CA01335E5A}.Debug|Any CPU.Build.0 = Debug|Any CPU
		{E7A7B595-754B-499F-9C09-B9CA01335E5A}.Release|Any CPU.ActiveCfg = Release|Any CPU
		{E7A7B595-754B-499F-9C09-B9CA01335E5A}.Release|Any CPU.Build.0 = Release|Any CPU
	EndGlobalSection
	GlobalSection(SolutionProperties) = preSolution
		HideSolutionNode = FALSE
	EndGlobalSection
	GlobalSection(ExtensibilityGlobals) = postSolution
		SolutionGuid = {306A825B-16E6-44ED-846E-72A17B125E65}
	EndGlobalSection
EndGlobal
